
Microsoft Visual Studio Solution File, Format Version 12.00
# Visual Studio Version 17
VisualStudioVersion = 17.11.35208.52
MinimumVisualStudioVersion = 10.0.40219.1
Project("{FAE04EC0-301F-11D3-BF4B-00C04F79EFBC}") = "CursoNelioAula195.0", "CursoNelioAula195.0.csproj", "{3373D3ED-1C40-4261-8D08-B7E568B44943}"
EndProject
Global
	GlobalSection(SolutionConfigurationPlatforms) = preSolution
		Debug|Any CPU = Debug|Any CPU
		Release|Any CPU = Release|Any CPU
	EndGlobalSection
	GlobalSection(ProjectConfigurationPlatforms) = postSolution
		{3373D3ED-1C40-4261-8D08-B7E568B44943}.Debug|Any CPU.ActiveCfg = Debug|Any CPU
		{3373D3ED-1C40-4261-8D08-B7E568B44943}.Debug|Any CPU.Build.0 = Debug|Any CPU
		{3373D3ED-1C40-4261-8D08-B7E568B44943}.Release|Any CPU.ActiveCfg = Release|Any CPU
		{3373D3ED-1C40-4261-8D08-B7E568B44943}.Release|Any CPU.Build.0 = Release|Any CPU
	EndGlobalSection
	GlobalSection(SolutionProperties) = preSolution
		HideSolutionNode = FALSE
	EndGlobalSection
	GlobalSection(ExtensibilityGlobals) = postSolution
		SolutionGuid = {D8B99829-E610-4CA6-A8FB-DA9CB16BF2E3}
	EndGlobalSection
EndGlobal
