
Microsoft Visual Studio Solution File, Format Version 12.00
# Visual Studio Version 17
VisualStudioVersion = 17.11.35208.52
MinimumVisualStudioVersion = 10.0.40219.1
Project("{FAE04EC0-301F-11D3-BF4B-00C04F79EFBC}") = "CursoNelioAula200.0", "CursoNelioAula200.0.csproj", "{A9D20639-7DD9-4663-A5E7-A8B09815B5F5}"
EndProject
Global
	GlobalSection(SolutionConfigurationPlatforms) = preSolution
		Debug|Any CPU = Debug|Any CPU
		Release|Any CPU = Release|Any CPU
	EndGlobalSection
	GlobalSection(ProjectConfigurationPlatforms) = postSolution
		{A9D20639-7DD9-4663-A5E7-A8B09815B5F5}.Debug|Any CPU.ActiveCfg = Debug|Any CPU
		{A9D20639-7DD9-4663-A5E7-A8B09815B5F5}.Debug|Any CPU.Build.0 = Debug|Any CPU
		{A9D20639-7DD9-4663-A5E7-A8B09815B5F5}.Release|Any CPU.ActiveCfg = Release|Any CPU
		{A9D20639-7DD9-4663-A5E7-A8B09815B5F5}.Release|Any CPU.Build.0 = Release|Any CPU
	EndGlobalSection
	GlobalSection(SolutionProperties) = preSolution
		HideSolutionNode = FALSE
	EndGlobalSection
	GlobalSection(ExtensibilityGlobals) = postSolution
		SolutionGuid = {4CDF7288-EAB2-4E81-AB8B-67B88442FCE9}
	EndGlobalSection
EndGlobal
