
Microsoft Visual Studio Solution File, Format Version 12.00
# Visual Studio Version 17
VisualStudioVersion = 17.11.35208.52
MinimumVisualStudioVersion = 10.0.40219.1
Project("{FAE04EC0-301F-11D3-BF4B-00C04F79EFBC}") = "CursoNelioAula208.0", "CursoNelioAula208.0.csproj", "{D805ABD7-724D-4EB6-8DBE-FF2110320870}"
EndProject
Global
	GlobalSection(SolutionConfigurationPlatforms) = preSolution
		Debug|Any CPU = Debug|Any CPU
		Release|Any CPU = Release|Any CPU
	EndGlobalSection
	GlobalSection(ProjectConfigurationPlatforms) = postSolution
		{D805ABD7-724D-4EB6-8DBE-FF2110320870}.Debug|Any CPU.ActiveCfg = Debug|Any CPU
		{D805ABD7-724D-4EB6-8DBE-FF2110320870}.Debug|Any CPU.Build.0 = Debug|Any CPU
		{D805ABD7-724D-4EB6-8DBE-FF2110320870}.Release|Any CPU.ActiveCfg = Release|Any CPU
		{D805ABD7-724D-4EB6-8DBE-FF2110320870}.Release|Any CPU.Build.0 = Release|Any CPU
	EndGlobalSection
	GlobalSection(SolutionProperties) = preSolution
		HideSolutionNode = FALSE
	EndGlobalSection
	GlobalSection(ExtensibilityGlobals) = postSolution
		SolutionGuid = {ACFF4350-4ED4-4E1B-A29C-CBB9E2D01392}
	EndGlobalSection
EndGlobal
