
Microsoft Visual Studio Solution File, Format Version 12.00
# Visual Studio Version 17
VisualStudioVersion = 17.11.35208.52
MinimumVisualStudioVersion = 10.0.40219.1
Project("{FAE04EC0-301F-11D3-BF4B-00C04F79EFBC}") = "CursoNelioAula196.0", "CursoNelioAula196.0.csproj", "{6DB3C0B2-01B1-4B49-B231-4C577807F524}"
EndProject
Global
	GlobalSection(SolutionConfigurationPlatforms) = preSolution
		Debug|Any CPU = Debug|Any CPU
		Release|Any CPU = Release|Any CPU
	EndGlobalSection
	GlobalSection(ProjectConfigurationPlatforms) = postSolution
		{6DB3C0B2-01B1-4B49-B231-4C577807F524}.Debug|Any CPU.ActiveCfg = Debug|Any CPU
		{6DB3C0B2-01B1-4B49-B231-4C577807F524}.Debug|Any CPU.Build.0 = Debug|Any CPU
		{6DB3C0B2-01B1-4B49-B231-4C577807F524}.Release|Any CPU.ActiveCfg = Release|Any CPU
		{6DB3C0B2-01B1-4B49-B231-4C577807F524}.Release|Any CPU.Build.0 = Release|Any CPU
	EndGlobalSection
	GlobalSection(SolutionProperties) = preSolution
		HideSolutionNode = FALSE
	EndGlobalSection
	GlobalSection(ExtensibilityGlobals) = postSolution
		SolutionGuid = {C6B8CC65-3A6D-4412-B4E5-BCE1A3260A47}
	EndGlobalSection
EndGlobal
